
Microsoft Visual Studio Solution File, Format Version 12.00
# Visual Studio Version 16
VisualStudioVersion = 16.0.30717.126
MinimumVisualStudioVersion = 10.0.40219.1
Project("{9A19103F-16F7-4668-BE54-9A1E7A4F7556}") = "MediBook.Core", "MediBook\MediBook.Core.csproj", "{D540A34E-7F2E-410F-8329-3669690CF371}"
EndProject
Project("{9A19103F-16F7-4668-BE54-9A1E7A4F7556}") = "MediBook.Data", "Medibook.Data\MediBook.Data.csproj", "{2B09FC21-5E44-424F-B3F8-6DB8D85EC59D}"
EndProject
Project("{2150E333-8FDC-42A3-9474-1A3956D46DE8}") = "UnitTests", "UnitTests", "{795637DB-5C06-4C51-9CF1-E61B0DAA3235}"
EndProject
Project("{9A19103F-16F7-4668-BE54-9A1E7A4F7556}") = "MediBook.Data.Test", "Medibook.Data.Test\MediBook.Data.Test.csproj", "{3D699B5D-0F1C-4849-A44D-D4BF5D0ECE30}"
EndProject
Project("{9A19103F-16F7-4668-BE54-9A1E7A4F7556}") = "MediBook.Web", "MediBook.Web\MediBook.Web.csproj", "{7981175C-BD25-4F71-9280-87F6E6B694A2}"
EndProject
Project("{9A19103F-16F7-4668-BE54-9A1E7A4F7556}") = "MediBook.Services", "MediBook.Services\MediBook.Services.csproj", "{48C80CF8-FF03-49BA-815C-42D90E418668}"
EndProject
Project("{9A19103F-16F7-4668-BE54-9A1E7A4F7556}") = "MediBook.Services.Test", "Medibook.Services.Test\MediBook.Services.Test.csproj", "{0FAA1C73-7E13-4739-804B-6A2F5530BD90}"
EndProject
Global
	GlobalSection(SolutionConfigurationPlatforms) = preSolution
		Debug|Any CPU = Debug|Any CPU
		Release|Any CPU = Release|Any CPU
	EndGlobalSection
	GlobalSection(ProjectConfigurationPlatforms) = postSolution
		{D540A34E-7F2E-410F-8329-3669690CF371}.Debug|Any CPU.ActiveCfg = Debug|Any CPU
		{D540A34E-7F2E-410F-8329-3669690CF371}.Debug|Any CPU.Build.0 = Debug|Any CPU
		{D540A34E-7F2E-410F-8329-3669690CF371}.Release|Any CPU.ActiveCfg = Release|Any CPU
		{D540A34E-7F2E-410F-8329-3669690CF371}.Release|Any CPU.Build.0 = Release|Any CPU
		{2B09FC21-5E44-424F-B3F8-6DB8D85EC59D}.Debug|Any CPU.ActiveCfg = Debug|Any CPU
		{2B09FC21-5E44-424F-B3F8-6DB8D85EC59D}.Debug|Any CPU.Build.0 = Debug|Any CPU
		{2B09FC21-5E44-424F-B3F8-6DB8D85EC59D}.Release|Any CPU.ActiveCfg = Release|Any CPU
		{2B09FC21-5E44-424F-B3F8-6DB8D85EC59D}.Release|Any CPU.Build.0 = Release|Any CPU
		{3D699B5D-0F1C-4849-A44D-D4BF5D0ECE30}.Debug|Any CPU.ActiveCfg = Debug|Any CPU
		{3D699B5D-0F1C-4849-A44D-D4BF5D0ECE30}.Debug|Any CPU.Build.0 = Debug|Any CPU
		{3D699B5D-0F1C-4849-A44D-D4BF5D0ECE30}.Release|Any CPU.ActiveCfg = Release|Any CPU
		{3D699B5D-0F1C-4849-A44D-D4BF5D0ECE30}.Release|Any CPU.Build.0 = Release|Any CPU
		{7981175C-BD25-4F71-9280-87F6E6B694A2}.Debug|Any CPU.ActiveCfg = Debug|Any CPU
		{7981175C-BD25-4F71-9280-87F6E6B694A2}.Debug|Any CPU.Build.0 = Debug|Any CPU
		{7981175C-BD25-4F71-9280-87F6E6B694A2}.Release|Any CPU.ActiveCfg = Release|Any CPU
		{7981175C-BD25-4F71-9280-87F6E6B694A2}.Release|Any CPU.Build.0 = Release|Any CPU
		{48C80CF8-FF03-49BA-815C-42D90E418668}.Debug|Any CPU.ActiveCfg = Debug|Any CPU
		{48C80CF8-FF03-49BA-815C-42D90E418668}.Debug|Any CPU.Build.0 = Debug|Any CPU
		{48C80CF8-FF03-49BA-815C-42D90E418668}.Release|Any CPU.ActiveCfg = Release|Any CPU
		{48C80CF8-FF03-49BA-815C-42D90E418668}.Release|Any CPU.Build.0 = Release|Any CPU
		{0FAA1C73-7E13-4739-804B-6A2F5530BD90}.Debug|Any CPU.ActiveCfg = Debug|Any CPU
		{0FAA1C73-7E13-4739-804B-6A2F5530BD90}.Debug|Any CPU.Build.0 = Debug|Any CPU
		{0FAA1C73-7E13-4739-804B-6A2F5530BD90}.Release|Any CPU.ActiveCfg = Release|Any CPU
		{0FAA1C73-7E13-4739-804B-6A2F5530BD90}.Release|Any CPU.Build.0 = Release|Any CPU
	EndGlobalSection
	GlobalSection(SolutionProperties) = preSolution
		HideSolutionNode = FALSE
	EndGlobalSection
	GlobalSection(NestedProjects) = preSolution
		{3D699B5D-0F1C-4849-A44D-D4BF5D0ECE30} = {795637DB-5C06-4C51-9CF1-E61B0DAA3235}
		{0FAA1C73-7E13-4739-804B-6A2F5530BD90} = {795637DB-5C06-4C51-9CF1-E61B0DAA3235}
	EndGlobalSection
	GlobalSection(ExtensibilityGlobals) = postSolution
		SolutionGuid = {1EF17E2E-FA69-4D35-B9A8-6D388C6117FD}
	EndGlobalSection
EndGlobal
